
Microsoft Visual Studio Solution File, Format Version 12.00
# Visual Studio 15
VisualStudioVersion = 15.0.28307.902
MinimumVisualStudioVersion = 10.0.40219.1
Project("{FAE04EC0-301F-11D3-BF4B-00C04F79EFBC}") = "WebApplication1", "WebApplication1\WebApplication1.csproj", "{4ABA09E9-D459-4B07-A332-C2E30FED5CFF}"
EndProject
Global
	GlobalSection(SolutionConfigurationPlatforms) = preSolution
		Debug|Any CPU = Debug|Any CPU
		Release|Any CPU = Release|Any CPU
	EndGlobalSection
	GlobalSection(ProjectConfigurationPlatforms) = postSolution
		{4ABA09E9-D459-4B07-A332-C2E30FED5CFF}.Debug|Any CPU.ActiveCfg = Debug|Any CPU
		{4ABA09E9-D459-4B07-A332-C2E30FED5CFF}.Debug|Any CPU.Build.0 = Debug|Any CPU
		{4ABA09E9-D459-4B07-A332-C2E30FED5CFF}.Release|Any CPU.ActiveCfg = Release|Any CPU
		{4ABA09E9-D459-4B07-A332-C2E30FED5CFF}.Release|Any CPU.Build.0 = Release|Any CPU
	EndGlobalSection
	GlobalSection(SolutionProperties) = preSolution
		HideSolutionNode = FALSE
	EndGlobalSection
	GlobalSection(ExtensibilityGlobals) = postSolution
		SolutionGuid = {9E06596B-C846-4B6B-9544-0340B92D779C}
	EndGlobalSection
EndGlobal
